{
  "requires": true,
  "lockfileVersion": 1,
  "dependencies": {
    "@types/jasmine": {
      "version": "3.4.1",
      "resolved": "https://registry.npmjs.org/@types/jasmine/-/jasmine-3.4.1.tgz",
      "integrity": "sha512-kA2/srq6lb/kiczw+l/yW7lKdAN9Ae5A/pp1bhu8RBzhYY/ybc1hwav3sWrPyAwSRcAS95NVB0uZdM62qT75EA==",
      "dev": true
    }
  }
}
